
Microsoft Visual Studio Solution File, Format Version 12.00
# Visual Studio Version 17
VisualStudioVersion = 17.4.33213.308
MinimumVisualStudioVersion = 10.0.40219.1
Project("{FAE04EC0-301F-11D3-BF4B-00C04F79EFBC}") = "DoWhile", "DoWhile\DoWhile.csproj", "{FC7FEE59-FA13-4255-B217-93C1AA8AEF03}"
EndProject
Global
	GlobalSection(SolutionConfigurationPlatforms) = preSolution
		Debug|Any CPU = Debug|Any CPU
		Release|Any CPU = Release|Any CPU
	EndGlobalSection
	GlobalSection(ProjectConfigurationPlatforms) = postSolution
		{FC7FEE59-FA13-4255-B217-93C1AA8AEF03}.Debug|Any CPU.ActiveCfg = Debug|Any CPU
		{FC7FEE59-FA13-4255-B217-93C1AA8AEF03}.Debug|Any CPU.Build.0 = Debug|Any CPU
		{FC7FEE59-FA13-4255-B217-93C1AA8AEF03}.Release|Any CPU.ActiveCfg = Release|Any CPU
		{FC7FEE59-FA13-4255-B217-93C1AA8AEF03}.Release|Any CPU.Build.0 = Release|Any CPU
	EndGlobalSection
	GlobalSection(SolutionProperties) = preSolution
		HideSolutionNode = FALSE
	EndGlobalSection
	GlobalSection(ExtensibilityGlobals) = postSolution
		SolutionGuid = {17D7C75D-A1CE-4D73-81FF-E58EA7587FFB}
	EndGlobalSection
EndGlobal
